
Microsoft Visual Studio Solution File, Format Version 12.00
# Visual Studio 14
VisualStudioVersion = 14.0.25123.0
MinimumVisualStudioVersion = 10.0.40219.1
Project("{2150E333-8FDC-42A3-9474-1A3956D46DE8}") = "src", "src", "{26BBAC4E-0FAD-4EF6-AD5A-5754D72372B3}"
EndProject
Project("{2150E333-8FDC-42A3-9474-1A3956D46DE8}") = "Solution Items", "Solution Items", "{35B8A321-EEE4-4F5E-A752-D1C0711280BD}"
	ProjectSection(SolutionItems) = preProject
		global.json = global.json
	EndProjectSection
EndProject
Project("{8BB2217D-0F2D-49D1-97BC-3654ED321F3B}") = "Public", "src\CloudService2.Public\Public.xproj", "{CFCA282E-904B-4640-83E5-0B1605F0C794}"
EndProject
Project("{FAE04EC0-301F-11D3-BF4B-00C04F79EFBC}") = "ColorMessageHandler", "CloudService2.ColorMessageHandler\ColorMessageHandler.csproj", "{C59761A6-5D65-4315-BDA0-1123BE882BC6}"
EndProject
Global
	GlobalSection(SolutionConfigurationPlatforms) = preSolution
		Debug|Any CPU = Debug|Any CPU
		Release|Any CPU = Release|Any CPU
	EndGlobalSection
	GlobalSection(ProjectConfigurationPlatforms) = postSolution
		{CFCA282E-904B-4640-83E5-0B1605F0C794}.Debug|Any CPU.ActiveCfg = Debug|Any CPU
		{CFCA282E-904B-4640-83E5-0B1605F0C794}.Debug|Any CPU.Build.0 = Debug|Any CPU
		{CFCA282E-904B-4640-83E5-0B1605F0C794}.Release|Any CPU.ActiveCfg = Release|Any CPU
		{CFCA282E-904B-4640-83E5-0B1605F0C794}.Release|Any CPU.Build.0 = Release|Any CPU
		{C59761A6-5D65-4315-BDA0-1123BE882BC6}.Debug|Any CPU.ActiveCfg = Debug|Any CPU
		{C59761A6-5D65-4315-BDA0-1123BE882BC6}.Debug|Any CPU.Build.0 = Debug|Any CPU
		{C59761A6-5D65-4315-BDA0-1123BE882BC6}.Release|Any CPU.ActiveCfg = Release|Any CPU
		{C59761A6-5D65-4315-BDA0-1123BE882BC6}.Release|Any CPU.Build.0 = Release|Any CPU
	EndGlobalSection
	GlobalSection(SolutionProperties) = preSolution
		HideSolutionNode = FALSE
	EndGlobalSection
	GlobalSection(NestedProjects) = preSolution
		{CFCA282E-904B-4640-83E5-0B1605F0C794} = {26BBAC4E-0FAD-4EF6-AD5A-5754D72372B3}
		{C59761A6-5D65-4315-BDA0-1123BE882BC6} = {26BBAC4E-0FAD-4EF6-AD5A-5754D72372B3}
	EndGlobalSection
EndGlobal
